{
    "version": 3,
    "terraform_version": "0.11.7",
    "serial": 18,
    "lineage": "fc25e03a-5061-5a06-350a-ee5008e6f118",
    "modules": [
        {
            "path": [
                "root"
            ],
            "outputs": {},
            "resources": {
                "aws_internet_gateway.yummy-recipes-igw": {
                    "type": "aws_internet_gateway",
                    "depends_on": [
                        "aws_vpc.yummy-recipes"
                    ],
                    "primary": {
                        "id": "igw-0f7960e066b8d5f51",
                        "attributes": {
                            "id": "igw-0f7960e066b8d5f51",
                            "tags.%": "1",
                            "tags.Name": "yummy-recipes-igw",
                            "vpc_id": "vpc-01c830aa197f4d8d3"
                        },
                        "meta": {},
                        "tainted": false
                    },
                    "deposed": [],
                    "provider": "provider.aws"
                },
                "aws_route53_zone.primary": {
                    "type": "aws_route53_zone",
                    "depends_on": [],
                    "primary": {
                        "id": "Z3PENR38SNQ6VQ",
                        "attributes": {
                            "comment": "Managed by Terraform",
                            "force_destroy": "false",
                            "id": "Z3PENR38SNQ6VQ",
                            "name": "yummyrecipes.ml",
                            "name_servers.#": "4",
                            "name_servers.0": "ns-1014.awsdns-62.net",
                            "name_servers.1": "ns-1512.awsdns-61.org",
                            "name_servers.2": "ns-1797.awsdns-32.co.uk",
                            "name_servers.3": "ns-332.awsdns-41.com",
                            "tags.%": "0",
                            "zone_id": "Z3PENR38SNQ6VQ"
                        },
                        "meta": {},
                        "tainted": false
                    },
                    "deposed": [],
                    "provider": "provider.aws"
                },
                "aws_security_group.nat-sg": {
                    "type": "aws_security_group",
                    "depends_on": [
                        "aws_vpc.yummy-recipes"
                    ],
                    "primary": {
                        "id": "sg-099a772adea36fda7",
                        "attributes": {
                            "arn": "arn:aws:ec2:us-east-1:462206789139:security-group/sg-099a772adea36fda7",
                            "description": "Allow api",
                            "egress.#": "1",
                            "egress.482069346.cidr_blocks.#": "1",
                            "egress.482069346.cidr_blocks.0": "0.0.0.0/0",
                            "egress.482069346.description": "",
                            "egress.482069346.from_port": "0",
                            "egress.482069346.ipv6_cidr_blocks.#": "0",
                            "egress.482069346.prefix_list_ids.#": "0",
                            "egress.482069346.protocol": "-1",
                            "egress.482069346.security_groups.#": "0",
                            "egress.482069346.self": "false",
                            "egress.482069346.to_port": "0",
                            "id": "sg-099a772adea36fda7",
                            "ingress.#": "3",
                            "ingress.2501428879.cidr_blocks.#": "2",
                            "ingress.2501428879.cidr_blocks.0": "10.0.52.0/24",
                            "ingress.2501428879.cidr_blocks.1": "10.0.51.0/24",
                            "ingress.2501428879.description": "",
                            "ingress.2501428879.from_port": "443",
                            "ingress.2501428879.ipv6_cidr_blocks.#": "0",
                            "ingress.2501428879.protocol": "tcp",
                            "ingress.2501428879.security_groups.#": "0",
                            "ingress.2501428879.self": "false",
                            "ingress.2501428879.to_port": "443",
                            "ingress.518194442.cidr_blocks.#": "2",
                            "ingress.518194442.cidr_blocks.0": "10.0.52.0/24",
                            "ingress.518194442.cidr_blocks.1": "10.0.51.0/24",
                            "ingress.518194442.description": "",
                            "ingress.518194442.from_port": "80",
                            "ingress.518194442.ipv6_cidr_blocks.#": "0",
                            "ingress.518194442.protocol": "tcp",
                            "ingress.518194442.security_groups.#": "0",
                            "ingress.518194442.self": "false",
                            "ingress.518194442.to_port": "80",
                            "ingress.912400502.cidr_blocks.#": "1",
                            "ingress.912400502.cidr_blocks.0": "41.212.110.20/32",
                            "ingress.912400502.description": "",
                            "ingress.912400502.from_port": "22",
                            "ingress.912400502.ipv6_cidr_blocks.#": "0",
                            "ingress.912400502.protocol": "tcp",
                            "ingress.912400502.security_groups.#": "0",
                            "ingress.912400502.self": "false",
                            "ingress.912400502.to_port": "22",
                            "name": "nat-sg",
                            "owner_id": "462206789139",
                            "revoke_rules_on_delete": "false",
                            "tags.%": "1",
                            "tags.Name": "nat-sg",
                            "vpc_id": "vpc-01c830aa197f4d8d3"
                        },
                        "meta": {
                            "e2bfb730-ecaa-11e6-8f88-34363bc7c4c0": {
                                "create": 600000000000,
                                "delete": 600000000000
                            },
                            "schema_version": "1"
                        },
                        "tainted": false
                    },
                    "deposed": [],
                    "provider": "provider.aws"
                },
                "aws_subnet.frontend-1a": {
                    "type": "aws_subnet",
                    "depends_on": [
                        "aws_vpc.yummy-recipes",
                        "data.aws_availability_zones.available"
                    ],
                    "primary": {
                        "id": "subnet-07efbe658c6e9db01",
                        "attributes": {
                            "assign_ipv6_address_on_creation": "false",
                            "availability_zone": "us-east-1a",
                            "cidr_block": "10.0.1.0/24",
                            "id": "subnet-07efbe658c6e9db01",
                            "map_public_ip_on_launch": "false",
                            "tags.%": "1",
                            "tags.Name": "frontend-1a",
                            "vpc_id": "vpc-01c830aa197f4d8d3"
                        },
                        "meta": {
                            "schema_version": "1"
                        },
                        "tainted": false
                    },
                    "deposed": [],
                    "provider": "provider.aws"
                },
                "aws_vpc.yummy-recipes": {
                    "type": "aws_vpc",
                    "depends_on": [],
                    "primary": {
                        "id": "vpc-01c830aa197f4d8d3",
                        "attributes": {
                            "assign_generated_ipv6_cidr_block": "false",
                            "cidr_block": "10.0.0.0/16",
                            "default_network_acl_id": "acl-0b6521d54528a00ae",
                            "default_route_table_id": "rtb-080a14039e67b5c85",
                            "default_security_group_id": "sg-024c1e569e7c6cd30",
                            "dhcp_options_id": "dopt-42986939",
                            "enable_classiclink": "false",
                            "enable_classiclink_dns_support": "false",
                            "enable_dns_hostnames": "false",
                            "enable_dns_support": "true",
                            "id": "vpc-01c830aa197f4d8d3",
                            "instance_tenancy": "default",
                            "main_route_table_id": "rtb-080a14039e67b5c85",
                            "tags.%": "1",
                            "tags.Name": "yummy-recipes"
                        },
                        "meta": {
                            "schema_version": "1"
                        },
                        "tainted": false
                    },
                    "deposed": [],
                    "provider": "provider.aws"
                },
                "data.aws_availability_zones.available": {
                    "type": "aws_availability_zones",
                    "depends_on": [],
                    "primary": {
                        "id": "2018-06-05 08:46:24.588733 +0000 UTC",
                        "attributes": {
                            "id": "2018-06-05 08:46:24.588733 +0000 UTC",
                            "names.#": "6",
                            "names.0": "us-east-1a",
                            "names.1": "us-east-1b",
                            "names.2": "us-east-1c",
                            "names.3": "us-east-1d",
                            "names.4": "us-east-1e",
                            "names.5": "us-east-1f"
                        },
                        "meta": {},
                        "tainted": false
                    },
                    "deposed": [],
                    "provider": "provider.aws"
                }
            },
            "depends_on": []
        }
    ]
}
